
Microsoft Visual Studio Solution File, Format Version 12.00
# Visual Studio Version 16
VisualStudioVersion = 16.0.32126.315
MinimumVisualStudioVersion = 10.0.40219.1
Project("{888888A0-9F3D-457C-B088-3A5042F75D52}") = "Euler_052_Py", "Euler_052_Py.pyproj", "{22F8F428-8929-46E3-872E-47D093AC8495}"
EndProject
Global
	GlobalSection(SolutionConfigurationPlatforms) = preSolution
		Debug|Any CPU = Debug|Any CPU
		Release|Any CPU = Release|Any CPU
	EndGlobalSection
	GlobalSection(ProjectConfigurationPlatforms) = postSolution
		{22F8F428-8929-46E3-872E-47D093AC8495}.Debug|Any CPU.ActiveCfg = Debug|Any CPU
		{22F8F428-8929-46E3-872E-47D093AC8495}.Release|Any CPU.ActiveCfg = Release|Any CPU
	EndGlobalSection
	GlobalSection(SolutionProperties) = preSolution
		HideSolutionNode = FALSE
	EndGlobalSection
	GlobalSection(ExtensibilityGlobals) = postSolution
		SolutionGuid = {0C670308-B6B9-4DA1-B0AF-BE224CB76E22}
	EndGlobalSection
EndGlobal
